// !$*UTF8*$!
{
	archiveVersion = 1;
	classes = {
	};
	objectVersion = 46;
	objects = {

/* Begin PBXBuildFile section */
		CA094A7614DA9E7700974E80 /* UIKit.framework in Frameworks */ = {isa = PBXBuildFile; fileRef = CA094A7514DA9E7700974E80 /* UIKit.framework */; };
		CA094A7814DA9E7800974E80 /* Foundation.framework in Frameworks */ = {isa = PBXBuildFile; fileRef = CA094A7714DA9E7700974E80 /* Foundation.framework */; };
		CA094A7A14DA9E7800974E80 /* CoreGraphics.framework in Frameworks */ = {isa = PBXBuildFile; fileRef = CA094A7914DA9E7800974E80 /* CoreGraphics.framework */; };
		CA094A8014DA9E7800974E80 /* InfoPlist.strings in Resources */ = {isa = PBXBuildFile; fileRef = CA094A7E14DA9E7800974E80 /* InfoPlist.strings */; };
		CA094A8214DA9E7800974E80 /* main.m in Sources */ = {isa = PBXBuildFile; fileRef = CA094A8114DA9E7800974E80 /* main.m */; };
		CA094A8614DA9E7800974E80 /* AppDelegate.m in Sources */ = {isa = PBXBuildFile; fileRef = CA094A8514DA9E7800974E80 /* AppDelegate.m */; };
		CA094A8914DA9E7800974E80 /* ViewController.m in Sources */ = {isa = PBXBuildFile; fileRef = CA094A8814DA9E7800974E80 /* ViewController.m */; };
		CA094A8C14DA9E7800974E80 /* ViewController_iPhone.xib in Resources */ = {isa = PBXBuildFile; fileRef = CA094A8A14DA9E7800974E80 /* ViewController_iPhone.xib */; };
		CA094A8F14DA9E7800974E80 /* ViewController_iPad.xib in Resources */ = {isa = PBXBuildFile; fileRef = CA094A8D14DA9E7800974E80 /* ViewController_iPad.xib */; };
		CAE73FCF14DBCD8F00380D10 /* ABScrollViewWithThumbnails.m in Sources */ = {isa = PBXBuildFile; fileRef = CAE73FCE14DBCD8F00380D10 /* ABScrollViewWithThumbnails.m */; };
		CAE73FFE14DBD7FF00380D10 /* backgroundShadow.png in Resources */ = {isa = PBXBuildFile; fileRef = CAE73FFD14DBD7FF00380D10 /* backgroundShadow.png */; };
		CAE7400C14DC03C000380D10 /* 1_small.jpg in Resources */ = {isa = PBXBuildFile; fileRef = CAE7400714DC03C000380D10 /* 1_small.jpg */; };
		CAE7400D14DC03C000380D10 /* 2_small.jpg in Resources */ = {isa = PBXBuildFile; fileRef = CAE7400814DC03C000380D10 /* 2_small.jpg */; };
		CAE7400E14DC03C000380D10 /* 3_small.jpg in Resources */ = {isa = PBXBuildFile; fileRef = CAE7400914DC03C000380D10 /* 3_small.jpg */; };
		CAE7400F14DC03C000380D10 /* 4_small.jpg in Resources */ = {isa = PBXBuildFile; fileRef = CAE7400A14DC03C000380D10 /* 4_small.jpg */; };
		CAE7401014DC03C000380D10 /* 5_small.jpg in Resources */ = {isa = PBXBuildFile; fileRef = CAE7400B14DC03C000380D10 /* 5_small.jpg */; };
/* End PBXBuildFile section */

/* Begin PBXFileReference section */
		CA094A7114DA9E7700974E80 /* ScrolllingThumbnailViews.app */ = {isa = PBXFileReference; explicitFileType = wrapper.application; includeInIndex = 0; path = ScrolllingThumbnailViews.app; sourceTree = BUILT_PRODUCTS_DIR; };
		CA094A7514DA9E7700974E80 /* UIKit.framework */ = {isa = PBXFileReference; lastKnownFileType = wrapper.framework; name = UIKit.framework; path = System/Library/Frameworks/UIKit.framework; sourceTree = SDKROOT; };
		CA094A7714DA9E7700974E80 /* Foundation.framework */ = {isa = PBXFileReference; lastKnownFileType = wrapper.framework; name = Foundation.framework; path = System/Library/Frameworks/Foundation.framework; sourceTree = SDKROOT; };
		CA094A7914DA9E7800974E80 /* CoreGraphics.framework */ = {isa = PBXFileReference; lastKnownFileType = wrapper.framework; name = CoreGraphics.framework; path = System/Library/Frameworks/CoreGraphics.framework; sourceTree = SDKROOT; };
		CA094A7D14DA9E7800974E80 /* ScrolllingThumbnailViews-Info.plist */ = {isa = PBXFileReference; lastKnownFileType = text.plist.xml; path = "ScrolllingThumbnailViews-Info.plist"; sourceTree = "<group>"; };
		CA094A7F14DA9E7800974E80 /* en */ = {isa = PBXFileReference; lastKnownFileType = text.plist.strings; name = en; path = en.lproj/InfoPlist.strings; sourceTree = "<group>"; };
		CA094A8114DA9E7800974E80 /* main.m */ = {isa = PBXFileReference; lastKnownFileType = sourcecode.c.objc; path = main.m; sourceTree = "<group>"; };
		CA094A8314DA9E7800974E80 /* ScrolllingThumbnailViews-Prefix.pch */ = {isa = PBXFileReference; lastKnownFileType = sourcecode.c.h; path = "ScrolllingThumbnailViews-Prefix.pch"; sourceTree = "<group>"; };
		CA094A8414DA9E7800974E80 /* AppDelegate.h */ = {isa = PBXFileReference; lastKnownFileType = sourcecode.c.h; path = AppDelegate.h; sourceTree = "<group>"; };
		CA094A8514DA9E7800974E80 /* AppDelegate.m */ = {isa = PBXFileReference; lastKnownFileType = sourcecode.c.objc; path = AppDelegate.m; sourceTree = "<group>"; };
		CA094A8714DA9E7800974E80 /* ViewController.h */ = {isa = PBXFileReference; lastKnownFileType = sourcecode.c.h; path = ViewController.h; sourceTree = "<group>"; };
		CA094A8814DA9E7800974E80 /* ViewController.m */ = {isa = PBXFileReference; lastKnownFileType = sourcecode.c.objc; path = ViewController.m; sourceTree = "<group>"; };
		CA094A8B14DA9E7800974E80 /* en */ = {isa = PBXFileReference; lastKnownFileType = file.xib; name = en; path = en.lproj/ViewController_iPhone.xib; sourceTree = "<group>"; };
		CA094A8E14DA9E7800974E80 /* en */ = {isa = PBXFileReference; lastKnownFileType = file.xib; name = en; path = en.lproj/ViewController_iPad.xib; sourceTree = "<group>"; };
		CAE73FCD14DBCD8F00380D10 /* ABScrollViewWithThumbnails.h */ = {isa = PBXFileReference; fileEncoding = 4; lastKnownFileType = sourcecode.c.h; path = ABScrollViewWithThumbnails.h; sourceTree = "<group>"; };
		CAE73FCE14DBCD8F00380D10 /* ABScrollViewWithThumbnails.m */ = {isa = PBXFileReference; fileEncoding = 4; lastKnownFileType = sourcecode.c.objc; path = ABScrollViewWithThumbnails.m; sourceTree = "<group>"; };
		CAE73FFD14DBD7FF00380D10 /* backgroundShadow.png */ = {isa = PBXFileReference; lastKnownFileType = image.png; path = backgroundShadow.png; sourceTree = "<group>"; };
		CAE7400714DC03C000380D10 /* 1_small.jpg */ = {isa = PBXFileReference; lastKnownFileType = image.jpeg; path = 1_small.jpg; sourceTree = "<group>"; };
		CAE7400814DC03C000380D10 /* 2_small.jpg */ = {isa = PBXFileReference; lastKnownFileType = image.jpeg; path = 2_small.jpg; sourceTree = "<group>"; };
		CAE7400914DC03C000380D10 /* 3_small.jpg */ = {isa = PBXFileReference; lastKnownFileType = image.jpeg; path = 3_small.jpg; sourceTree = "<group>"; };
		CAE7400A14DC03C000380D10 /* 4_small.jpg */ = {isa = PBXFileReference; lastKnownFileType = image.jpeg; path = 4_small.jpg; sourceTree = "<group>"; };
		CAE7400B14DC03C000380D10 /* 5_small.jpg */ = {isa = PBXFileReference; lastKnownFileType = image.jpeg; path = 5_small.jpg; sourceTree = "<group>"; };
/* End PBXFileReference section */

/* Begin PBXFrameworksBuildPhase section */
		CA094A6E14DA9E7700974E80 /* Frameworks */ = {
			isa = PBXFrameworksBuildPhase;
			buildActionMask = 2147483647;
			files = (
				CA094A7614DA9E7700974E80 /* UIKit.framework in Frameworks */,
				CA094A7814DA9E7800974E80 /* Foundation.framework in Frameworks */,
				CA094A7A14DA9E7800974E80 /* CoreGraphics.framework in Frameworks */,
			);
			runOnlyForDeploymentPostprocessing = 0;
		};
/* End PBXFrameworksBuildPhase section */

/* Begin PBXGroup section */
		CA094A6614DA9E7700974E80 = {
			isa = PBXGroup;
			children = (
				CA094A7B14DA9E7800974E80 /* ScrolllingThumbnailViews */,
				CA094A7414DA9E7700974E80 /* Frameworks */,
				CA094A7214DA9E7700974E80 /* Products */,
			);
			sourceTree = "<group>";
		};
		CA094A7214DA9E7700974E80 /* Products */ = {
			isa = PBXGroup;
			children = (
				CA094A7114DA9E7700974E80 /* ScrolllingThumbnailViews.app */,
			);
			name = Products;
			sourceTree = "<group>";
		};
		CA094A7414DA9E7700974E80 /* Frameworks */ = {
			isa = PBXGroup;
			children = (
				CA094A7514DA9E7700974E80 /* UIKit.framework */,
				CA094A7714DA9E7700974E80 /* Foundation.framework */,
				CA094A7914DA9E7800974E80 /* CoreGraphics.framework */,
			);
			name = Frameworks;
			sourceTree = "<group>";
		};
		CA094A7B14DA9E7800974E80 /* ScrolllingThumbnailViews */ = {
			isa = PBXGroup;
			children = (
				CAE7400514DC039B00380D10 /* Resources */,
				CA094A8414DA9E7800974E80 /* AppDelegate.h */,
				CA094A8514DA9E7800974E80 /* AppDelegate.m */,
				CA094A8714DA9E7800974E80 /* ViewController.h */,
				CA094A8814DA9E7800974E80 /* ViewController.m */,
				CA094A8A14DA9E7800974E80 /* ViewController_iPhone.xib */,
				CA094A8D14DA9E7800974E80 /* ViewController_iPad.xib */,
				CAE73FCC14DBCD8F00380D10 /* ScrollingThumbnailViews */,
				CA094A7C14DA9E7800974E80 /* Supporting Files */,
			);
			path = ScrolllingThumbnailViews;
			sourceTree = "<group>";
		};
		CA094A7C14DA9E7800974E80 /* Supporting Files */ = {
			isa = PBXGroup;
			children = (
				CA094A7D14DA9E7800974E80 /* ScrolllingThumbnailViews-Info.plist */,
				CA094A7E14DA9E7800974E80 /* InfoPlist.strings */,
				CA094A8114DA9E7800974E80 /* main.m */,
				CA094A8314DA9E7800974E80 /* ScrolllingThumbnailViews-Prefix.pch */,
			);
			name = "Supporting Files";
			sourceTree = "<group>";
		};
		CAE73FCC14DBCD8F00380D10 /* ScrollingThumbnailViews */ = {
			isa = PBXGroup;
			children = (
				CAE73FFD14DBD7FF00380D10 /* backgroundShadow.png */,
				CAE73FCD14DBCD8F00380D10 /* ABScrollViewWithThumbnails.h */,
				CAE73FCE14DBCD8F00380D10 /* ABScrollViewWithThumbnails.m */,
			);
			path = ScrollingThumbnailViews;
			sourceTree = "<group>";
		};
		CAE7400514DC039B00380D10 /* Resources */ = {
			isa = PBXGroup;
			children = (
				CAE7400614DC03A400380D10 /* Images */,
			);
			name = Resources;
			sourceTree = "<group>";
		};
		CAE7400614DC03A400380D10 /* Images */ = {
			isa = PBXGroup;
			children = (
				CAE7400714DC03C000380D10 /* 1_small.jpg */,
				CAE7400814DC03C000380D10 /* 2_small.jpg */,
				CAE7400914DC03C000380D10 /* 3_small.jpg */,
				CAE7400A14DC03C000380D10 /* 4_small.jpg */,
				CAE7400B14DC03C000380D10 /* 5_small.jpg */,
			);
			name = Images;
			sourceTree = "<group>";
		};
/* End PBXGroup section */

/* Begin PBXNativeTarget section */
		CA094A7014DA9E7700974E80 /* ScrolllingThumbnailViews */ = {
			isa = PBXNativeTarget;
			buildConfigurationList = CA094A9214DA9E7800974E80 /* Build configuration list for PBXNativeTarget "ScrolllingThumbnailViews" */;
			buildPhases = (
				CA094A6D14DA9E7700974E80 /* Sources */,
				CA094A6E14DA9E7700974E80 /* Frameworks */,
				CA094A6F14DA9E7700974E80 /* Resources */,
			);
			buildRules = (
			);
			dependencies = (
			);
			name = ScrolllingThumbnailViews;
			productName = ScrolllingThumbnailViews;
			productReference = CA094A7114DA9E7700974E80 /* ScrolllingThumbnailViews.app */;
			productType = "com.apple.product-type.application";
		};
/* End PBXNativeTarget section */

/* Begin PBXProject section */
		CA094A6814DA9E7700974E80 /* Project object */ = {
			isa = PBXProject;
			attributes = {
				LastUpgradeCheck = 0420;
				ORGANIZATIONNAME = "Robosoft Technologies Pvt. Ltd";
			};
			buildConfigurationList = CA094A6B14DA9E7700974E80 /* Build configuration list for PBXProject "ScrolllingThumbnailViews" */;
			compatibilityVersion = "Xcode 3.2";
			developmentRegion = English;
			hasScannedForEncodings = 0;
			knownRegions = (
				en,
			);
			mainGroup = CA094A6614DA9E7700974E80;
			productRefGroup = CA094A7214DA9E7700974E80 /* Products */;
			projectDirPath = "";
			projectRoot = "";
			targets = (
				CA094A7014DA9E7700974E80 /* ScrolllingThumbnailViews */,
			);
		};
/* End PBXProject section */

/* Begin PBXResourcesBuildPhase section */
		CA094A6F14DA9E7700974E80 /* Resources */ = {
			isa = PBXResourcesBuildPhase;
			buildActionMask = 2147483647;
			files = (
				CA094A8014DA9E7800974E80 /* InfoPlist.strings in Resources */,
				CA094A8C14DA9E7800974E80 /* ViewController_iPhone.xib in Resources */,
				CA094A8F14DA9E7800974E80 /* ViewController_iPad.xib in Resources */,
				CAE73FFE14DBD7FF00380D10 /* backgroundShadow.png in Resources */,
				CAE7400C14DC03C000380D10 /* 1_small.jpg in Resources */,
				CAE7400D14DC03C000380D10 /* 2_small.jpg in Resources */,
				CAE7400E14DC03C000380D10 /* 3_small.jpg in Resources */,
				CAE7400F14DC03C000380D10 /* 4_small.jpg in Resources */,
				CAE7401014DC03C000380D10 /* 5_small.jpg in Resources */,
			);
			runOnlyForDeploymentPostprocessing = 0;
		};
/* End PBXResourcesBuildPhase section */

/* Begin PBXSourcesBuildPhase section */
		CA094A6D14DA9E7700974E80 /* Sources */ = {
			isa = PBXSourcesBuildPhase;
			buildActionMask = 2147483647;
			files = (
				CA094A8214DA9E7800974E80 /* main.m in Sources */,
				CA094A8614DA9E7800974E80 /* AppDelegate.m in Sources */,
				CA094A8914DA9E7800974E80 /* ViewController.m in Sources */,
				CAE73FCF14DBCD8F00380D10 /* ABScrollViewWithThumbnails.m in Sources */,
			);
			runOnlyForDeploymentPostprocessing = 0;
		};
/* End PBXSourcesBuildPhase section */

/* Begin PBXVariantGroup section */
		CA094A7E14DA9E7800974E80 /* InfoPlist.strings */ = {
			isa = PBXVariantGroup;
			children = (
				CA094A7F14DA9E7800974E80 /* en */,
			);
			name = InfoPlist.strings;
			sourceTree = "<group>";
		};
		CA094A8A14DA9E7800974E80 /* ViewController_iPhone.xib */ = {
			isa = PBXVariantGroup;
			children = (
				CA094A8B14DA9E7800974E80 /* en */,
			);
			name = ViewController_iPhone.xib;
			sourceTree = "<group>";
		};
		CA094A8D14DA9E7800974E80 /* ViewController_iPad.xib */ = {
			isa = PBXVariantGroup;
			children = (
				CA094A8E14DA9E7800974E80 /* en */,
			);
			name = ViewController_iPad.xib;
			sourceTree = "<group>";
		};
/* End PBXVariantGroup section */

/* Begin XCBuildConfiguration section */
		CA094A9014DA9E7800974E80 /* Debug */ = {
			isa = XCBuildConfiguration;
			buildSettings = {
				ALWAYS_SEARCH_USER_PATHS = NO;
				ARCHS = "$(ARCHS_STANDARD_32_BIT)";
				"CODE_SIGN_IDENTITY[sdk=iphoneos*]" = "iPhone Developer";
				COPY_PHASE_STRIP = NO;
				GCC_C_LANGUAGE_STANDARD = gnu99;
				GCC_DYNAMIC_NO_PIC = NO;
				GCC_OPTIMIZATION_LEVEL = 0;
				GCC_PREPROCESSOR_DEFINITIONS = (
					"DEBUG=1",
					"$(inherited)",
				);
				GCC_SYMBOLS_PRIVATE_EXTERN = NO;
				GCC_VERSION = com.apple.compilers.llvm.clang.1_0;
				GCC_WARN_ABOUT_MISSING_PROTOTYPES = YES;
				GCC_WARN_ABOUT_RETURN_TYPE = YES;
				GCC_WARN_UNUSED_VARIABLE = YES;
				IPHONEOS_DEPLOYMENT_TARGET = 5.0;
				SDKROOT = iphoneos;
				TARGETED_DEVICE_FAMILY = "1,2";
			};
			name = Debug;
		};
		CA094A9114DA9E7800974E80 /* Release */ = {
			isa = XCBuildConfiguration;
			buildSettings = {
				ALWAYS_SEARCH_USER_PATHS = NO;
				ARCHS = "$(ARCHS_STANDARD_32_BIT)";
				"CODE_SIGN_IDENTITY[sdk=iphoneos*]" = "iPhone Developer";
				COPY_PHASE_STRIP = YES;
				GCC_C_LANGUAGE_STANDARD = gnu99;
				GCC_VERSION = com.apple.compilers.llvm.clang.1_0;
				GCC_WARN_ABOUT_MISSING_PROTOTYPES = YES;
				GCC_WARN_ABOUT_RETURN_TYPE = YES;
				GCC_WARN_UNUSED_VARIABLE = YES;
				IPHONEOS_DEPLOYMENT_TARGET = 5.0;
				OTHER_CFLAGS = "-DNS_BLOCK_ASSERTIONS=1";
				SDKROOT = iphoneos;
				TARGETED_DEVICE_FAMILY = "1,2";
				VALIDATE_PRODUCT = YES;
			};
			name = Release;
		};
		CA094A9314DA9E7800974E80 /* Debug */ = {
			isa = XCBuildConfiguration;
			buildSettings = {
				GCC_PRECOMPILE_PREFIX_HEADER = YES;
				GCC_PREFIX_HEADER = "ScrolllingThumbnailViews/ScrolllingThumbnailViews-Prefix.pch";
				INFOPLIST_FILE = "ScrolllingThumbnailViews/ScrolllingThumbnailViews-Info.plist";
				PRODUCT_NAME = "$(TARGET_NAME)";
				WRAPPER_EXTENSION = app;
			};
			name = Debug;
		};
		CA094A9414DA9E7800974E80 /* Release */ = {
			isa = XCBuildConfiguration;
			buildSettings = {
				GCC_PRECOMPILE_PREFIX_HEADER = YES;
				GCC_PREFIX_HEADER = "ScrolllingThumbnailViews/ScrolllingThumbnailViews-Prefix.pch";
				INFOPLIST_FILE = "ScrolllingThumbnailViews/ScrolllingThumbnailViews-Info.plist";
				PRODUCT_NAME = "$(TARGET_NAME)";
				WRAPPER_EXTENSION = app;
			};
			name = Release;
		};
/* End XCBuildConfiguration section */

/* Begin XCConfigurationList section */
		CA094A6B14DA9E7700974E80 /* Build configuration list for PBXProject "ScrolllingThumbnailViews" */ = {
			isa = XCConfigurationList;
			buildConfigurations = (
				CA094A9014DA9E7800974E80 /* Debug */,
				CA094A9114DA9E7800974E80 /* Release */,
			);
			defaultConfigurationIsVisible = 0;
			defaultConfigurationName = Release;
		};
		CA094A9214DA9E7800974E80 /* Build configuration list for PBXNativeTarget "ScrolllingThumbnailViews" */ = {
			isa = XCConfigurationList;
			buildConfigurations = (
				CA094A9314DA9E7800974E80 /* Debug */,
				CA094A9414DA9E7800974E80 /* Release */,
			);
			defaultConfigurationIsVisible = 0;
			defaultConfigurationName = Release;
		};
/* End XCConfigurationList section */
	};
	rootObject = CA094A6814DA9E7700974E80 /* Project object */;
}
